
Microsoft Visual Studio Solution File, Format Version 12.00
# Visual Studio Version 16
VisualStudioVersion = 16.0.31729.503
MinimumVisualStudioVersion = 10.0.40219.1
Project("{FAE04EC0-301F-11D3-BF4B-00C04F79EFBC}") = "WartungsLOG.UWP", "WartungsLOG.UWP\WartungsLOG.UWP.csproj", "{4C2C2067-B627-4111-A671-7B243AB57D23}"
EndProject
Project("{FAE04EC0-301F-11D3-BF4B-00C04F79EFBC}") = "WartungsLOG.Android", "WartungsLOG.Android\WartungsLOG.Android.csproj", "{C732E119-BD01-4B38-B31C-F7E4FC699CA3}"
EndProject
Project("{FAE04EC0-301F-11D3-BF4B-00C04F79EFBC}") = "WartungsLOG.iOS", "WartungsLOG.iOS\WartungsLOG.iOS.csproj", "{8B1DBBD4-A9AA-44BF-B847-1451F4113476}"
EndProject
Project("{9A19103F-16F7-4668-BE54-9A1E7A4F7556}") = "WartungsLOG", "WartungsLOG\WartungsLOG.csproj", "{DDB9005C-D8D5-4F34-B9D2-48C84226965C}"
EndProject
Project("{2150E333-8FDC-42A3-9474-1A3956D46DE8}") = "Solution Items", "Solution Items", "{673B5A36-D81C-4FCB-AAA4-A83A9A4BBF7C}"
	ProjectSection(SolutionItems) = preProject
		Readme.md = Readme.md
	EndProjectSection
EndProject
Project("{2150E333-8FDC-42A3-9474-1A3956D46DE8}") = "Documentation", "Documentation", "{FD982B8A-90AC-4665-92D3-31814523627E}"
	ProjectSection(SolutionItems) = preProject
		TextFile1.txt = TextFile1.txt
	EndProjectSection
EndProject
Global
	GlobalSection(SolutionConfigurationPlatforms) = preSolution
		Debug|Any CPU = Debug|Any CPU
		Debug|ARM = Debug|ARM
		Debug|iPhone = Debug|iPhone
		Debug|iPhoneSimulator = Debug|iPhoneSimulator
		Debug|x64 = Debug|x64
		Debug|x86 = Debug|x86
		Release|Any CPU = Release|Any CPU
		Release|ARM = Release|ARM
		Release|iPhone = Release|iPhone
		Release|iPhoneSimulator = Release|iPhoneSimulator
		Release|x64 = Release|x64
		Release|x86 = Release|x86
	EndGlobalSection
	GlobalSection(ProjectConfigurationPlatforms) = postSolution
		{4C2C2067-B627-4111-A671-7B243AB57D23}.Debug|Any CPU.ActiveCfg = Debug|x86
		{4C2C2067-B627-4111-A671-7B243AB57D23}.Debug|Any CPU.Build.0 = Debug|x86
		{4C2C2067-B627-4111-A671-7B243AB57D23}.Debug|Any CPU.Deploy.0 = Debug|x86
		{4C2C2067-B627-4111-A671-7B243AB57D23}.Debug|ARM.ActiveCfg = Debug|ARM
		{4C2C2067-B627-4111-A671-7B243AB57D23}.Debug|ARM.Build.0 = Debug|ARM
		{4C2C2067-B627-4111-A671-7B243AB57D23}.Debug|ARM.Deploy.0 = Debug|ARM
		{4C2C2067-B627-4111-A671-7B243AB57D23}.Debug|iPhone.ActiveCfg = Debug|x86
		{4C2C2067-B627-4111-A671-7B243AB57D23}.Debug|iPhone.Build.0 = Debug|x86
		{4C2C2067-B627-4111-A671-7B243AB57D23}.Debug|iPhone.Deploy.0 = Debug|x86
		{4C2C2067-B627-4111-A671-7B243AB57D23}.Debug|iPhoneSimulator.ActiveCfg = Debug|x86
		{4C2C2067-B627-4111-A671-7B243AB57D23}.Debug|iPhoneSimulator.Build.0 = Debug|x86
		{4C2C2067-B627-4111-A671-7B243AB57D23}.Debug|iPhoneSimulator.Deploy.0 = Debug|x86
		{4C2C2067-B627-4111-A671-7B243AB57D23}.Debug|x64.ActiveCfg = Debug|x64
		{4C2C2067-B627-4111-A671-7B243AB57D23}.Debug|x64.Build.0 = Debug|x64
		{4C2C2067-B627-4111-A671-7B243AB57D23}.Debug|x64.Deploy.0 = Debug|x64
		{4C2C2067-B627-4111-A671-7B243AB57D23}.Debug|x86.ActiveCfg = Debug|x86
		{4C2C2067-B627-4111-A671-7B243AB57D23}.Debug|x86.Build.0 = Debug|x86
		{4C2C2067-B627-4111-A671-7B243AB57D23}.Debug|x86.Deploy.0 = Debug|x86
		{4C2C2067-B627-4111-A671-7B243AB57D23}.Release|Any CPU.ActiveCfg = Release|x86
		{4C2C2067-B627-4111-A671-7B243AB57D23}.Release|Any CPU.Build.0 = Release|x86
		{4C2C2067-B627-4111-A671-7B243AB57D23}.Release|Any CPU.Deploy.0 = Release|x86
		{4C2C2067-B627-4111-A671-7B243AB57D23}.Release|ARM.ActiveCfg = Release|ARM
		{4C2C2067-B627-4111-A671-7B243AB57D23}.Release|ARM.Build.0 = Release|ARM
		{4C2C2067-B627-4111-A671-7B243AB57D23}.Release|ARM.Deploy.0 = Release|ARM
		{4C2C2067-B627-4111-A671-7B243AB57D23}.Release|iPhone.ActiveCfg = Release|x86
		{4C2C2067-B627-4111-A671-7B243AB57D23}.Release|iPhone.Build.0 = Release|x86
		{4C2C2067-B627-4111-A671-7B243AB57D23}.Release|iPhone.Deploy.0 = Release|x86
		{4C2C2067-B627-4111-A671-7B243AB57D23}.Release|iPhoneSimulator.ActiveCfg = Release|x86
		{4C2C2067-B627-4111-A671-7B243AB57D23}.Release|iPhoneSimulator.Build.0 = Release|x86
		{4C2C2067-B627-4111-A671-7B243AB57D23}.Release|iPhoneSimulator.Deploy.0 = Release|x86
		{4C2C2067-B627-4111-A671-7B243AB57D23}.Release|x64.ActiveCfg = Release|x64
		{4C2C2067-B627-4111-A671-7B243AB57D23}.Release|x64.Build.0 = Release|x64
		{4C2C2067-B627-4111-A671-7B243AB57D23}.Release|x64.Deploy.0 = Release|x64
		{4C2C2067-B627-4111-A671-7B243AB57D23}.Release|x86.ActiveCfg = Release|x86
		{4C2C2067-B627-4111-A671-7B243AB57D23}.Release|x86.Build.0 = Release|x86
		{4C2C2067-B627-4111-A671-7B243AB57D23}.Release|x86.Deploy.0 = Release|x86
		{C732E119-BD01-4B38-B31C-F7E4FC699CA3}.Debug|Any CPU.ActiveCfg = Debug|Any CPU
		{C732E119-BD01-4B38-B31C-F7E4FC699CA3}.Debug|Any CPU.Build.0 = Debug|Any CPU
		{C732E119-BD01-4B38-B31C-F7E4FC699CA3}.Debug|Any CPU.Deploy.0 = Debug|Any CPU
		{C732E119-BD01-4B38-B31C-F7E4FC699CA3}.Debug|ARM.ActiveCfg = Debug|Any CPU
		{C732E119-BD01-4B38-B31C-F7E4FC699CA3}.Debug|ARM.Build.0 = Debug|Any CPU
		{C732E119-BD01-4B38-B31C-F7E4FC699CA3}.Debug|ARM.Deploy.0 = Debug|Any CPU
		{C732E119-BD01-4B38-B31C-F7E4FC699CA3}.Debug|iPhone.ActiveCfg = Debug|Any CPU
		{C732E119-BD01-4B38-B31C-F7E4FC699CA3}.Debug|iPhone.Build.0 = Debug|Any CPU
		{C732E119-BD01-4B38-B31C-F7E4FC699CA3}.Debug|iPhone.Deploy.0 = Debug|Any CPU
		{C732E119-BD01-4B38-B31C-F7E4FC699CA3}.Debug|iPhoneSimulator.ActiveCfg = Debug|Any CPU
		{C732E119-BD01-4B38-B31C-F7E4FC699CA3}.Debug|iPhoneSimulator.Build.0 = Debug|Any CPU
		{C732E119-BD01-4B38-B31C-F7E4FC699CA3}.Debug|iPhoneSimulator.Deploy.0 = Debug|Any CPU
		{C732E119-BD01-4B38-B31C-F7E4FC699CA3}.Debug|x64.ActiveCfg = Debug|Any CPU
		{C732E119-BD01-4B38-B31C-F7E4FC699CA3}.Debug|x64.Build.0 = Debug|Any CPU
		{C732E119-BD01-4B38-B31C-F7E4FC699CA3}.Debug|x64.Deploy.0 = Debug|Any CPU
		{C732E119-BD01-4B38-B31C-F7E4FC699CA3}.Debug|x86.ActiveCfg = Debug|Any CPU
		{C732E119-BD01-4B38-B31C-F7E4FC699CA3}.Debug|x86.Build.0 = Debug|Any CPU
		{C732E119-BD01-4B38-B31C-F7E4FC699CA3}.Debug|x86.Deploy.0 = Debug|Any CPU
		{C732E119-BD01-4B38-B31C-F7E4FC699CA3}.Release|Any CPU.ActiveCfg = Release|Any CPU
		{C732E119-BD01-4B38-B31C-F7E4FC699CA3}.Release|Any CPU.Build.0 = Release|Any CPU
		{C732E119-BD01-4B38-B31C-F7E4FC699CA3}.Release|Any CPU.Deploy.0 = Release|Any CPU
		{C732E119-BD01-4B38-B31C-F7E4FC699CA3}.Release|ARM.ActiveCfg = Release|Any CPU
		{C732E119-BD01-4B38-B31C-F7E4FC699CA3}.Release|ARM.Build.0 = Release|Any CPU
		{C732E119-BD01-4B38-B31C-F7E4FC699CA3}.Release|ARM.Deploy.0 = Release|Any CPU
		{C732E119-BD01-4B38-B31C-F7E4FC699CA3}.Release|iPhone.ActiveCfg = Release|Any CPU
		{C732E119-BD01-4B38-B31C-F7E4FC699CA3}.Release|iPhone.Build.0 = Release|Any CPU
		{C732E119-BD01-4B38-B31C-F7E4FC699CA3}.Release|iPhone.Deploy.0 = Release|Any CPU
		{C732E119-BD01-4B38-B31C-F7E4FC699CA3}.Release|iPhoneSimulator.ActiveCfg = Release|Any CPU
		{C732E119-BD01-4B38-B31C-F7E4FC699CA3}.Release|iPhoneSimulator.Build.0 = Release|Any CPU
		{C732E119-BD01-4B38-B31C-F7E4FC699CA3}.Release|iPhoneSimulator.Deploy.0 = Release|Any CPU
		{C732E119-BD01-4B38-B31C-F7E4FC699CA3}.Release|x64.ActiveCfg = Release|Any CPU
		{C732E119-BD01-4B38-B31C-F7E4FC699CA3}.Release|x64.Build.0 = Release|Any CPU
		{C732E119-BD01-4B38-B31C-F7E4FC699CA3}.Release|x64.Deploy.0 = Release|Any CPU
		{C732E119-BD01-4B38-B31C-F7E4FC699CA3}.Release|x86.ActiveCfg = Release|Any CPU
		{C732E119-BD01-4B38-B31C-F7E4FC699CA3}.Release|x86.Build.0 = Release|Any CPU
		{C732E119-BD01-4B38-B31C-F7E4FC699CA3}.Release|x86.Deploy.0 = Release|Any CPU
		{8B1DBBD4-A9AA-44BF-B847-1451F4113476}.Debug|Any CPU.ActiveCfg = Debug|iPhoneSimulator
		{8B1DBBD4-A9AA-44BF-B847-1451F4113476}.Debug|Any CPU.Build.0 = Debug|iPhoneSimulator
		{8B1DBBD4-A9AA-44BF-B847-1451F4113476}.Debug|Any CPU.Deploy.0 = Debug|iPhoneSimulator
		{8B1DBBD4-A9AA-44BF-B847-1451F4113476}.Debug|ARM.ActiveCfg = Debug|iPhone
		{8B1DBBD4-A9AA-44BF-B847-1451F4113476}.Debug|ARM.Build.0 = Debug|iPhone
		{8B1DBBD4-A9AA-44BF-B847-1451F4113476}.Debug|ARM.Deploy.0 = Debug|iPhone
		{8B1DBBD4-A9AA-44BF-B847-1451F4113476}.Debug|iPhone.ActiveCfg = Debug|iPhone
		{8B1DBBD4-A9AA-44BF-B847-1451F4113476}.Debug|iPhone.Build.0 = Debug|iPhone
		{8B1DBBD4-A9AA-44BF-B847-1451F4113476}.Debug|iPhone.Deploy.0 = Debug|iPhone
		{8B1DBBD4-A9AA-44BF-B847-1451F4113476}.Debug|iPhoneSimulator.ActiveCfg = Debug|iPhoneSimulator
		{8B1DBBD4-A9AA-44BF-B847-1451F4113476}.Debug|iPhoneSimulator.Build.0 = Debug|iPhoneSimulator
		{8B1DBBD4-A9AA-44BF-B847-1451F4113476}.Debug|iPhoneSimulator.Deploy.0 = Debug|iPhoneSimulator
		{8B1DBBD4-A9AA-44BF-B847-1451F4113476}.Debug|x64.ActiveCfg = Debug|iPhoneSimulator
		{8B1DBBD4-A9AA-44BF-B847-1451F4113476}.Debug|x64.Build.0 = Debug|iPhoneSimulator
		{8B1DBBD4-A9AA-44BF-B847-1451F4113476}.Debug|x64.Deploy.0 = Debug|iPhoneSimulator
		{8B1DBBD4-A9AA-44BF-B847-1451F4113476}.Debug|x86.ActiveCfg = Debug|iPhoneSimulator
		{8B1DBBD4-A9AA-44BF-B847-1451F4113476}.Debug|x86.Build.0 = Debug|iPhoneSimulator
		{8B1DBBD4-A9AA-44BF-B847-1451F4113476}.Debug|x86.Deploy.0 = Debug|iPhoneSimulator
		{8B1DBBD4-A9AA-44BF-B847-1451F4113476}.Release|Any CPU.ActiveCfg = Release|iPhoneSimulator
		{8B1DBBD4-A9AA-44BF-B847-1451F4113476}.Release|Any CPU.Build.0 = Release|iPhoneSimulator
		{8B1DBBD4-A9AA-44BF-B847-1451F4113476}.Release|Any CPU.Deploy.0 = Release|iPhoneSimulator
		{8B1DBBD4-A9AA-44BF-B847-1451F4113476}.Release|ARM.ActiveCfg = Release|iPhoneSimulator
		{8B1DBBD4-A9AA-44BF-B847-1451F4113476}.Release|ARM.Build.0 = Release|iPhoneSimulator
		{8B1DBBD4-A9AA-44BF-B847-1451F4113476}.Release|ARM.Deploy.0 = Release|iPhoneSimulator
		{8B1DBBD4-A9AA-44BF-B847-1451F4113476}.Release|iPhone.ActiveCfg = Release|iPhone
		{8B1DBBD4-A9AA-44BF-B847-1451F4113476}.Release|iPhone.Build.0 = Release|iPhone
		{8B1DBBD4-A9AA-44BF-B847-1451F4113476}.Release|iPhone.Deploy.0 = Release|iPhone
		{8B1DBBD4-A9AA-44BF-B847-1451F4113476}.Release|iPhoneSimulator.ActiveCfg = Release|iPhoneSimulator
		{8B1DBBD4-A9AA-44BF-B847-1451F4113476}.Release|iPhoneSimulator.Build.0 = Release|iPhoneSimulator
		{8B1DBBD4-A9AA-44BF-B847-1451F4113476}.Release|iPhoneSimulator.Deploy.0 = Release|iPhoneSimulator
		{8B1DBBD4-A9AA-44BF-B847-1451F4113476}.Release|x64.ActiveCfg = Release|iPhoneSimulator
		{8B1DBBD4-A9AA-44BF-B847-1451F4113476}.Release|x64.Build.0 = Release|iPhoneSimulator
		{8B1DBBD4-A9AA-44BF-B847-1451F4113476}.Release|x64.Deploy.0 = Release|iPhoneSimulator
		{8B1DBBD4-A9AA-44BF-B847-1451F4113476}.Release|x86.ActiveCfg = Release|iPhoneSimulator
		{8B1DBBD4-A9AA-44BF-B847-1451F4113476}.Release|x86.Build.0 = Release|iPhoneSimulator
		{8B1DBBD4-A9AA-44BF-B847-1451F4113476}.Release|x86.Deploy.0 = Release|iPhoneSimulator
		{DDB9005C-D8D5-4F34-B9D2-48C84226965C}.Debug|Any CPU.ActiveCfg = Debug|Any CPU
		{DDB9005C-D8D5-4F34-B9D2-48C84226965C}.Debug|Any CPU.Build.0 = Debug|Any CPU
		{DDB9005C-D8D5-4F34-B9D2-48C84226965C}.Debug|Any CPU.Deploy.0 = Debug|Any CPU
		{DDB9005C-D8D5-4F34-B9D2-48C84226965C}.Debug|ARM.ActiveCfg = Debug|Any CPU
		{DDB9005C-D8D5-4F34-B9D2-48C84226965C}.Debug|ARM.Build.0 = Debug|Any CPU
		{DDB9005C-D8D5-4F34-B9D2-48C84226965C}.Debug|ARM.Deploy.0 = Debug|Any CPU
		{DDB9005C-D8D5-4F34-B9D2-48C84226965C}.Debug|iPhone.ActiveCfg = Debug|Any CPU
		{DDB9005C-D8D5-4F34-B9D2-48C84226965C}.Debug|iPhone.Build.0 = Debug|Any CPU
		{DDB9005C-D8D5-4F34-B9D2-48C84226965C}.Debug|iPhone.Deploy.0 = Debug|Any CPU
		{DDB9005C-D8D5-4F34-B9D2-48C84226965C}.Debug|iPhoneSimulator.ActiveCfg = Debug|Any CPU
		{DDB9005C-D8D5-4F34-B9D2-48C84226965C}.Debug|iPhoneSimulator.Build.0 = Debug|Any CPU
		{DDB9005C-D8D5-4F34-B9D2-48C84226965C}.Debug|iPhoneSimulator.Deploy.0 = Debug|Any CPU
		{DDB9005C-D8D5-4F34-B9D2-48C84226965C}.Debug|x64.ActiveCfg = Debug|Any CPU
		{DDB9005C-D8D5-4F34-B9D2-48C84226965C}.Debug|x64.Build.0 = Debug|Any CPU
		{DDB9005C-D8D5-4F34-B9D2-48C84226965C}.Debug|x64.Deploy.0 = Debug|Any CPU
		{DDB9005C-D8D5-4F34-B9D2-48C84226965C}.Debug|x86.ActiveCfg = Debug|Any CPU
		{DDB9005C-D8D5-4F34-B9D2-48C84226965C}.Debug|x86.Build.0 = Debug|Any CPU
		{DDB9005C-D8D5-4F34-B9D2-48C84226965C}.Debug|x86.Deploy.0 = Debug|Any CPU
		{DDB9005C-D8D5-4F34-B9D2-48C84226965C}.Release|Any CPU.ActiveCfg = Release|Any CPU
		{DDB9005C-D8D5-4F34-B9D2-48C84226965C}.Release|Any CPU.Build.0 = Release|Any CPU
		{DDB9005C-D8D5-4F34-B9D2-48C84226965C}.Release|Any CPU.Deploy.0 = Release|Any CPU
		{DDB9005C-D8D5-4F34-B9D2-48C84226965C}.Release|ARM.ActiveCfg = Release|Any CPU
		{DDB9005C-D8D5-4F34-B9D2-48C84226965C}.Release|ARM.Build.0 = Release|Any CPU
		{DDB9005C-D8D5-4F34-B9D2-48C84226965C}.Release|ARM.Deploy.0 = Release|Any CPU
		{DDB9005C-D8D5-4F34-B9D2-48C84226965C}.Release|iPhone.ActiveCfg = Release|Any CPU
		{DDB9005C-D8D5-4F34-B9D2-48C84226965C}.Release|iPhone.Build.0 = Release|Any CPU
		{DDB9005C-D8D5-4F34-B9D2-48C84226965C}.Release|iPhone.Deploy.0 = Release|Any CPU
		{DDB9005C-D8D5-4F34-B9D2-48C84226965C}.Release|iPhoneSimulator.ActiveCfg = Release|Any CPU
		{DDB9005C-D8D5-4F34-B9D2-48C84226965C}.Release|iPhoneSimulator.Build.0 = Release|Any CPU
		{DDB9005C-D8D5-4F34-B9D2-48C84226965C}.Release|iPhoneSimulator.Deploy.0 = Release|Any CPU
		{DDB9005C-D8D5-4F34-B9D2-48C84226965C}.Release|x64.ActiveCfg = Release|Any CPU
		{DDB9005C-D8D5-4F34-B9D2-48C84226965C}.Release|x64.Build.0 = Release|Any CPU
		{DDB9005C-D8D5-4F34-B9D2-48C84226965C}.Release|x64.Deploy.0 = Release|Any CPU
		{DDB9005C-D8D5-4F34-B9D2-48C84226965C}.Release|x86.ActiveCfg = Release|Any CPU
		{DDB9005C-D8D5-4F34-B9D2-48C84226965C}.Release|x86.Build.0 = Release|Any CPU
		{DDB9005C-D8D5-4F34-B9D2-48C84226965C}.Release|x86.Deploy.0 = Release|Any CPU
	EndGlobalSection
	GlobalSection(SolutionProperties) = preSolution
		HideSolutionNode = FALSE
	EndGlobalSection
	GlobalSection(NestedProjects) = preSolution
		{FD982B8A-90AC-4665-92D3-31814523627E} = {673B5A36-D81C-4FCB-AAA4-A83A9A4BBF7C}
	EndGlobalSection
	GlobalSection(ExtensibilityGlobals) = postSolution
		SolutionGuid = {C1A57083-0F56-47EC-B88D-9028B83A8222}
	EndGlobalSection
EndGlobal
